
Microsoft Visual Studio Solution File, Format Version 12.00
# Visual Studio Version 16
VisualStudioVersion = 16.0.29215.179
MinimumVisualStudioVersion = 10.0.40219.1
Project("{FAE04EC0-301F-11D3-BF4B-00C04F79EFBC}") = "DVCS_Website", "DVCS_Website\DVCS_Website.csproj", "{55A4F78E-0B74-4D41-831D-C6555C332C80}"
EndProject
Global
	GlobalSection(SolutionConfigurationPlatforms) = preSolution
		Debug|Any CPU = Debug|Any CPU
		Release|Any CPU = Release|Any CPU
	EndGlobalSection
	GlobalSection(ProjectConfigurationPlatforms) = postSolution
		{55A4F78E-0B74-4D41-831D-C6555C332C80}.Debug|Any CPU.ActiveCfg = Debug|Any CPU
		{55A4F78E-0B74-4D41-831D-C6555C332C80}.Debug|Any CPU.Build.0 = Debug|Any CPU
		{55A4F78E-0B74-4D41-831D-C6555C332C80}.Release|Any CPU.ActiveCfg = Release|Any CPU
		{55A4F78E-0B74-4D41-831D-C6555C332C80}.Release|Any CPU.Build.0 = Release|Any CPU
	EndGlobalSection
	GlobalSection(SolutionProperties) = preSolution
		HideSolutionNode = FALSE
	EndGlobalSection
	GlobalSection(ExtensibilityGlobals) = postSolution
		SolutionGuid = {CB5FA8C6-0D80-4E60-9469-08FEE9A57695}
	EndGlobalSection
EndGlobal
